// !$*UTF8*$!
{
	archiveVersion = 1;
	classes = {
	};
	objectVersion = 51;
	objects = {

/* Begin PBXBuildFile section */
		3A063A3C24D9A3C900AFB468 /* CouplesViewController.swift in Sources */ = {isa = PBXBuildFile; fileRef = 3A063A3B24D9A3C900AFB468 /* CouplesViewController.swift */; };
		3A301D7924E7B10800678658 /* CommentCell.swift in Sources */ = {isa = PBXBuildFile; fileRef = 3A301D7824E7B10800678658 /* CommentCell.swift */; };
		3A34C18224D5507700B261C3 /* Extensions.swift in Sources */ = {isa = PBXBuildFile; fileRef = 3A34C18124D5507700B261C3 /* Extensions.swift */; };
		3A3E357D24D659A500661C51 /* Service.swift in Sources */ = {isa = PBXBuildFile; fileRef = 3A3E357C24D659A500661C51 /* Service.swift */; };
		3A3E357F24D65A3400661C51 /* LoginViewController.swift in Sources */ = {isa = PBXBuildFile; fileRef = 3A3E357E24D65A3400661C51 /* LoginViewController.swift */; };
		3A6D6A7824D598F900DD546F /* GoogleService-Info.plist in Resources */ = {isa = PBXBuildFile; fileRef = 3A6D6A7724D598F800DD546F /* GoogleService-Info.plist */; };
		3A6D6A7B24D59A5500DD546F /* Constracts.swift in Sources */ = {isa = PBXBuildFile; fileRef = 3A6D6A7A24D59A5500DD546F /* Constracts.swift */; };
		3A9CE86424ED3CAB0004A06A /* SearchViewController.swift in Sources */ = {isa = PBXBuildFile; fileRef = 3A9CE86324ED3CAB0004A06A /* SearchViewController.swift */; };
		3A9CE86624ED40760004A06A /* PersonCell.swift in Sources */ = {isa = PBXBuildFile; fileRef = 3A9CE86524ED40760004A06A /* PersonCell.swift */; };
		3AB097E224D686F50096BA9C /* AddNewsViewModel.swift in Sources */ = {isa = PBXBuildFile; fileRef = 3AB097E124D686F50096BA9C /* AddNewsViewModel.swift */; };
		3AB097E824D68BD50096BA9C /* AddNewsCell.swift in Sources */ = {isa = PBXBuildFile; fileRef = 3AB097E724D68BD50096BA9C /* AddNewsCell.swift */; };
		3AB1D6AF24D5598F002EF245 /* HomeViewController.swift in Sources */ = {isa = PBXBuildFile; fileRef = 3AB1D6AE24D5598F002EF245 /* HomeViewController.swift */; };
		3AB1D6B124D55A08002EF245 /* MainTabController.swift in Sources */ = {isa = PBXBuildFile; fileRef = 3AB1D6B024D55A08002EF245 /* MainTabController.swift */; };
		3AB1D6B424D55DEC002EF245 /* ChartsView.swift in Sources */ = {isa = PBXBuildFile; fileRef = 3AB1D6B324D55DEC002EF245 /* ChartsView.swift */; };
		3AB449F124D6FB5B0040EA63 /* AddCoupleViewController.swift in Sources */ = {isa = PBXBuildFile; fileRef = 3AB449F024D6FB5B0040EA63 /* AddCoupleViewController.swift */; };
		3ABDE6DD24D5663F0035DD48 /* DetailHeaderView.swift in Sources */ = {isa = PBXBuildFile; fileRef = 3ABDE6DC24D5663E0035DD48 /* DetailHeaderView.swift */; };
		3ACC6B7724DE471D0079CED3 /* CouplesCell.swift in Sources */ = {isa = PBXBuildFile; fileRef = 3ACC6B7624DE471D0079CED3 /* CouplesCell.swift */; };
		3AD7C62524D5286300655A15 /* AppDelegate.swift in Sources */ = {isa = PBXBuildFile; fileRef = 3AD7C62424D5286300655A15 /* AppDelegate.swift */; };
		3AD7C62724D5286300655A15 /* SceneDelegate.swift in Sources */ = {isa = PBXBuildFile; fileRef = 3AD7C62624D5286300655A15 /* SceneDelegate.swift */; };
		3AD7C62E24D5286900655A15 /* Assets.xcassets in Resources */ = {isa = PBXBuildFile; fileRef = 3AD7C62D24D5286900655A15 /* Assets.xcassets */; };
		3AD7C63124D5286900655A15 /* LaunchScreen.storyboard in Resources */ = {isa = PBXBuildFile; fileRef = 3AD7C62F24D5286900655A15 /* LaunchScreen.storyboard */; };
		3AD7C63924D528B700655A15 /* CoupleDetailViewController.swift in Sources */ = {isa = PBXBuildFile; fileRef = 3AD7C63824D528B700655A15 /* CoupleDetailViewController.swift */; };
		3ADD565624D829E600E1C016 /* Person.swift in Sources */ = {isa = PBXBuildFile; fileRef = 3ADD565524D829E600E1C016 /* Person.swift */; };
		3ADD565A24D8384E00E1C016 /* Couple.swift in Sources */ = {isa = PBXBuildFile; fileRef = 3ADD565924D8384E00E1C016 /* Couple.swift */; };
		3ADD565C24D83EB700E1C016 /* FirebaseReference.swift in Sources */ = {isa = PBXBuildFile; fileRef = 3ADD565B24D83EB700E1C016 /* FirebaseReference.swift */; };
		3AE19A2A24E6786A00023637 /* Comment.swift in Sources */ = {isa = PBXBuildFile; fileRef = 3AE19A2924E6786A00023637 /* Comment.swift */; };
		3AE9D28A24E62C8300E3DD5F /* AddCommentCell.swift in Sources */ = {isa = PBXBuildFile; fileRef = 3AE9D28924E62C8300E3DD5F /* AddCommentCell.swift */; };
		3AE9D28C24E62D7300E3DD5F /* CustomInputTextView.swift in Sources */ = {isa = PBXBuildFile; fileRef = 3AE9D28B24E62D7300E3DD5F /* CustomInputTextView.swift */; };
		84C32C636C0310CA91D20D8A /* Pods_soku.framework in Frameworks */ = {isa = PBXBuildFile; fileRef = C9D2F273483B4B2DDB5C5AE9 /* Pods_soku.framework */; };
/* End PBXBuildFile section */

/* Begin PBXFileReference section */
		3A063A3B24D9A3C900AFB468 /* CouplesViewController.swift */ = {isa = PBXFileReference; lastKnownFileType = sourcecode.swift; path = CouplesViewController.swift; sourceTree = "<group>"; };
		3A301D7824E7B10800678658 /* CommentCell.swift */ = {isa = PBXFileReference; lastKnownFileType = sourcecode.swift; path = CommentCell.swift; sourceTree = "<group>"; };
		3A34C18124D5507700B261C3 /* Extensions.swift */ = {isa = PBXFileReference; lastKnownFileType = sourcecode.swift; path = Extensions.swift; sourceTree = "<group>"; };
		3A3E357C24D659A500661C51 /* Service.swift */ = {isa = PBXFileReference; lastKnownFileType = sourcecode.swift; path = Service.swift; sourceTree = "<group>"; };
		3A3E357E24D65A3400661C51 /* LoginViewController.swift */ = {isa = PBXFileReference; lastKnownFileType = sourcecode.swift; path = LoginViewController.swift; sourceTree = "<group>"; };
		3A6D6A7724D598F800DD546F /* GoogleService-Info.plist */ = {isa = PBXFileReference; fileEncoding = 4; lastKnownFileType = text.plist.xml; path = "GoogleService-Info.plist"; sourceTree = "<group>"; };
		3A6D6A7A24D59A5500DD546F /* Constracts.swift */ = {isa = PBXFileReference; lastKnownFileType = sourcecode.swift; path = Constracts.swift; sourceTree = "<group>"; };
		3A9CE86324ED3CAB0004A06A /* SearchViewController.swift */ = {isa = PBXFileReference; lastKnownFileType = sourcecode.swift; path = SearchViewController.swift; sourceTree = "<group>"; };
		3A9CE86524ED40760004A06A /* PersonCell.swift */ = {isa = PBXFileReference; lastKnownFileType = sourcecode.swift; path = PersonCell.swift; sourceTree = "<group>"; };
		3AB097E124D686F50096BA9C /* AddNewsViewModel.swift */ = {isa = PBXFileReference; lastKnownFileType = sourcecode.swift; path = AddNewsViewModel.swift; sourceTree = "<group>"; };
		3AB097E724D68BD50096BA9C /* AddNewsCell.swift */ = {isa = PBXFileReference; lastKnownFileType = sourcecode.swift; path = AddNewsCell.swift; sourceTree = "<group>"; };
		3AB1D6AE24D5598F002EF245 /* HomeViewController.swift */ = {isa = PBXFileReference; lastKnownFileType = sourcecode.swift; path = HomeViewController.swift; sourceTree = "<group>"; };
		3AB1D6B024D55A08002EF245 /* MainTabController.swift */ = {isa = PBXFileReference; lastKnownFileType = sourcecode.swift; path = MainTabController.swift; sourceTree = "<group>"; };
		3AB1D6B324D55DEC002EF245 /* ChartsView.swift */ = {isa = PBXFileReference; lastKnownFileType = sourcecode.swift; path = ChartsView.swift; sourceTree = "<group>"; };
		3AB449F024D6FB5B0040EA63 /* AddCoupleViewController.swift */ = {isa = PBXFileReference; lastKnownFileType = sourcecode.swift; path = AddCoupleViewController.swift; sourceTree = "<group>"; };
		3ABDE6DC24D5663E0035DD48 /* DetailHeaderView.swift */ = {isa = PBXFileReference; lastKnownFileType = sourcecode.swift; path = DetailHeaderView.swift; sourceTree = "<group>"; };
		3ACC6B7624DE471D0079CED3 /* CouplesCell.swift */ = {isa = PBXFileReference; lastKnownFileType = sourcecode.swift; path = CouplesCell.swift; sourceTree = "<group>"; };
		3AD7C62124D5286300655A15 /* soku.app */ = {isa = PBXFileReference; explicitFileType = wrapper.application; includeInIndex = 0; path = soku.app; sourceTree = BUILT_PRODUCTS_DIR; };
		3AD7C62424D5286300655A15 /* AppDelegate.swift */ = {isa = PBXFileReference; lastKnownFileType = sourcecode.swift; path = AppDelegate.swift; sourceTree = "<group>"; };
		3AD7C62624D5286300655A15 /* SceneDelegate.swift */ = {isa = PBXFileReference; lastKnownFileType = sourcecode.swift; path = SceneDelegate.swift; sourceTree = "<group>"; };
		3AD7C62D24D5286900655A15 /* Assets.xcassets */ = {isa = PBXFileReference; lastKnownFileType = folder.assetcatalog; path = Assets.xcassets; sourceTree = "<group>"; };
		3AD7C63024D5286900655A15 /* Base */ = {isa = PBXFileReference; lastKnownFileType = file.storyboard; name = Base; path = Base.lproj/LaunchScreen.storyboard; sourceTree = "<group>"; };
		3AD7C63224D5286900655A15 /* Info.plist */ = {isa = PBXFileReference; lastKnownFileType = text.plist.xml; path = Info.plist; sourceTree = "<group>"; };
		3AD7C63824D528B700655A15 /* CoupleDetailViewController.swift */ = {isa = PBXFileReference; lastKnownFileType = sourcecode.swift; path = CoupleDetailViewController.swift; sourceTree = "<group>"; };
		3ADD565524D829E600E1C016 /* Person.swift */ = {isa = PBXFileReference; lastKnownFileType = sourcecode.swift; path = Person.swift; sourceTree = "<group>"; };
		3ADD565924D8384E00E1C016 /* Couple.swift */ = {isa = PBXFileReference; lastKnownFileType = sourcecode.swift; path = Couple.swift; sourceTree = "<group>"; };
		3ADD565B24D83EB700E1C016 /* FirebaseReference.swift */ = {isa = PBXFileReference; lastKnownFileType = sourcecode.swift; path = FirebaseReference.swift; sourceTree = "<group>"; };
		3AE19A2924E6786A00023637 /* Comment.swift */ = {isa = PBXFileReference; lastKnownFileType = sourcecode.swift; path = Comment.swift; sourceTree = "<group>"; };
		3AE9D28924E62C8300E3DD5F /* AddCommentCell.swift */ = {isa = PBXFileReference; lastKnownFileType = sourcecode.swift; path = AddCommentCell.swift; sourceTree = "<group>"; };
		3AE9D28B24E62D7300E3DD5F /* CustomInputTextView.swift */ = {isa = PBXFileReference; lastKnownFileType = sourcecode.swift; path = CustomInputTextView.swift; sourceTree = "<group>"; };
		42796CD093D36370BD537008 /* Pods-soku.debug.xcconfig */ = {isa = PBXFileReference; includeInIndex = 1; lastKnownFileType = text.xcconfig; name = "Pods-soku.debug.xcconfig"; path = "Target Support Files/Pods-soku/Pods-soku.debug.xcconfig"; sourceTree = "<group>"; };
		6B05F688C36F3B4484832A62 /* Pods-soku.release.xcconfig */ = {isa = PBXFileReference; includeInIndex = 1; lastKnownFileType = text.xcconfig; name = "Pods-soku.release.xcconfig"; path = "Target Support Files/Pods-soku/Pods-soku.release.xcconfig"; sourceTree = "<group>"; };
		C9D2F273483B4B2DDB5C5AE9 /* Pods_soku.framework */ = {isa = PBXFileReference; explicitFileType = wrapper.framework; includeInIndex = 0; path = Pods_soku.framework; sourceTree = BUILT_PRODUCTS_DIR; };
/* End PBXFileReference section */

/* Begin PBXFrameworksBuildPhase section */
		3AD7C61E24D5286300655A15 /* Frameworks */ = {
			isa = PBXFrameworksBuildPhase;
			buildActionMask = 2147483647;
			files = (
				84C32C636C0310CA91D20D8A /* Pods_soku.framework in Frameworks */,
			);
			runOnlyForDeploymentPostprocessing = 0;
		};
/* End PBXFrameworksBuildPhase section */

/* Begin PBXGroup section */
		122E7BD67A60B279A849473A /* Frameworks */ = {
			isa = PBXGroup;
			children = (
				C9D2F273483B4B2DDB5C5AE9 /* Pods_soku.framework */,
			);
			name = Frameworks;
			sourceTree = "<group>";
		};
		3A3E357B24D6599600661C51 /* API */ = {
			isa = PBXGroup;
			children = (
				3A3E357C24D659A500661C51 /* Service.swift */,
			);
			path = API;
			sourceTree = "<group>";
		};
		3A6D6A7924D59A2F00DD546F /* Extensions */ = {
			isa = PBXGroup;
			children = (
				3A34C18124D5507700B261C3 /* Extensions.swift */,
				3A6D6A7A24D59A5500DD546F /* Constracts.swift */,
				3ADD565B24D83EB700E1C016 /* FirebaseReference.swift */,
			);
			path = Extensions;
			sourceTree = "<group>";
		};
		3AB097DF24D686BA0096BA9C /* ViewModel */ = {
			isa = PBXGroup;
			children = (
				3AB097E124D686F50096BA9C /* AddNewsViewModel.swift */,
			);
			path = ViewModel;
			sourceTree = "<group>";
		};
		3AB097E324D6877A0096BA9C /* Model */ = {
			isa = PBXGroup;
			children = (
				3ADD565524D829E600E1C016 /* Person.swift */,
				3ADD565924D8384E00E1C016 /* Couple.swift */,
				3AE19A2924E6786A00023637 /* Comment.swift */,
			);
			path = Model;
			sourceTree = "<group>";
		};
		3AB097E624D68BBF0096BA9C /* Cell */ = {
			isa = PBXGroup;
			children = (
				3AB097E724D68BD50096BA9C /* AddNewsCell.swift */,
				3ACC6B7624DE471D0079CED3 /* CouplesCell.swift */,
				3AE9D28924E62C8300E3DD5F /* AddCommentCell.swift */,
				3AE9D28B24E62D7300E3DD5F /* CustomInputTextView.swift */,
				3A301D7824E7B10800678658 /* CommentCell.swift */,
				3A9CE86524ED40760004A06A /* PersonCell.swift */,
			);
			path = Cell;
			sourceTree = "<group>";
		};
		3AB1D6AD24D55927002EF245 /* ViewControllers */ = {
			isa = PBXGroup;
			children = (
				3A3E357E24D65A3400661C51 /* LoginViewController.swift */,
				3AB1D6B024D55A08002EF245 /* MainTabController.swift */,
				3AB1D6AE24D5598F002EF245 /* HomeViewController.swift */,
				3A063A3B24D9A3C900AFB468 /* CouplesViewController.swift */,
				3AD7C63824D528B700655A15 /* CoupleDetailViewController.swift */,
				3AB449F024D6FB5B0040EA63 /* AddCoupleViewController.swift */,
				3A9CE86324ED3CAB0004A06A /* SearchViewController.swift */,
			);
			path = ViewControllers;
			sourceTree = "<group>";
		};
		3AB1D6B224D55DC0002EF245 /* View */ = {
			isa = PBXGroup;
			children = (
				3AB1D6B324D55DEC002EF245 /* ChartsView.swift */,
				3ABDE6DC24D5663E0035DD48 /* DetailHeaderView.swift */,
			);
			path = View;
			sourceTree = "<group>";
		};
		3AD7C61824D5286300655A15 = {
			isa = PBXGroup;
			children = (
				3AD7C62324D5286300655A15 /* soku */,
				3AD7C62224D5286300655A15 /* Products */,
				EE4C2407AE51877FA50BD6C4 /* Pods */,
				122E7BD67A60B279A849473A /* Frameworks */,
			);
			sourceTree = "<group>";
		};
		3AD7C62224D5286300655A15 /* Products */ = {
			isa = PBXGroup;
			children = (
				3AD7C62124D5286300655A15 /* soku.app */,
			);
			name = Products;
			sourceTree = "<group>";
		};
		3AD7C62324D5286300655A15 /* soku */ = {
			isa = PBXGroup;
			children = (
				3AD7C62424D5286300655A15 /* AppDelegate.swift */,
				3AD7C62624D5286300655A15 /* SceneDelegate.swift */,
				3AB097E324D6877A0096BA9C /* Model */,
				3AB1D6B224D55DC0002EF245 /* View */,
				3AB097E624D68BBF0096BA9C /* Cell */,
				3AB097DF24D686BA0096BA9C /* ViewModel */,
				3AB1D6AD24D55927002EF245 /* ViewControllers */,
				3A3E357B24D6599600661C51 /* API */,
				3A6D6A7924D59A2F00DD546F /* Extensions */,
				3AD7C62D24D5286900655A15 /* Assets.xcassets */,
				3AD7C62F24D5286900655A15 /* LaunchScreen.storyboard */,
				3AD7C63224D5286900655A15 /* Info.plist */,
				3A6D6A7724D598F800DD546F /* GoogleService-Info.plist */,
			);
			path = soku;
			sourceTree = "<group>";
		};
		EE4C2407AE51877FA50BD6C4 /* Pods */ = {
			isa = PBXGroup;
			children = (
				42796CD093D36370BD537008 /* Pods-soku.debug.xcconfig */,
				6B05F688C36F3B4484832A62 /* Pods-soku.release.xcconfig */,
			);
			path = Pods;
			sourceTree = "<group>";
		};
/* End PBXGroup section */

/* Begin PBXNativeTarget section */
		3AD7C62024D5286300655A15 /* soku */ = {
			isa = PBXNativeTarget;
			buildConfigurationList = 3AD7C63524D5286900655A15 /* Build configuration list for PBXNativeTarget "soku" */;
			buildPhases = (
				A978096496230B36631742F1 /* [CP] Check Pods Manifest.lock */,
				3AD7C61D24D5286300655A15 /* Sources */,
				3AD7C61E24D5286300655A15 /* Frameworks */,
				3AD7C61F24D5286300655A15 /* Resources */,
				A30E9E2E6763FE03A5406829 /* [CP] Embed Pods Frameworks */,
			);
			buildRules = (
			);
			dependencies = (
			);
			name = soku;
			productName = soku;
			productReference = 3AD7C62124D5286300655A15 /* soku.app */;
			productType = "com.apple.product-type.application";
		};
/* End PBXNativeTarget section */

/* Begin PBXProject section */
		3AD7C61924D5286300655A15 /* Project object */ = {
			isa = PBXProject;
			attributes = {
				LastSwiftUpdateCheck = 1160;
				LastUpgradeCheck = 1160;
				ORGANIZATIONNAME = "Yuuki sakai";
				TargetAttributes = {
					3AD7C62024D5286300655A15 = {
						CreatedOnToolsVersion = 11.6;
					};
				};
			};
			buildConfigurationList = 3AD7C61C24D5286300655A15 /* Build configuration list for PBXProject "soku" */;
			compatibilityVersion = "Xcode 9.3";
			developmentRegion = en;
			hasScannedForEncodings = 0;
			knownRegions = (
				en,
				Base,
			);
			mainGroup = 3AD7C61824D5286300655A15;
			productRefGroup = 3AD7C62224D5286300655A15 /* Products */;
			projectDirPath = "";
			projectRoot = "";
			targets = (
				3AD7C62024D5286300655A15 /* soku */,
			);
		};
/* End PBXProject section */

/* Begin PBXResourcesBuildPhase section */
		3AD7C61F24D5286300655A15 /* Resources */ = {
			isa = PBXResourcesBuildPhase;
			buildActionMask = 2147483647;
			files = (
				3A6D6A7824D598F900DD546F /* GoogleService-Info.plist in Resources */,
				3AD7C63124D5286900655A15 /* LaunchScreen.storyboard in Resources */,
				3AD7C62E24D5286900655A15 /* Assets.xcassets in Resources */,
			);
			runOnlyForDeploymentPostprocessing = 0;
		};
/* End PBXResourcesBuildPhase section */

/* Begin PBXShellScriptBuildPhase section */
		A30E9E2E6763FE03A5406829 /* [CP] Embed Pods Frameworks */ = {
			isa = PBXShellScriptBuildPhase;
			buildActionMask = 2147483647;
			files = (
			);
			inputFileListPaths = (
				"${PODS_ROOT}/Target Support Files/Pods-soku/Pods-soku-frameworks-${CONFIGURATION}-input-files.xcfilelist",
			);
			name = "[CP] Embed Pods Frameworks";
			outputFileListPaths = (
				"${PODS_ROOT}/Target Support Files/Pods-soku/Pods-soku-frameworks-${CONFIGURATION}-output-files.xcfilelist",
			);
			runOnlyForDeploymentPostprocessing = 0;
			shellPath = /bin/sh;
			shellScript = "\"${PODS_ROOT}/Target Support Files/Pods-soku/Pods-soku-frameworks.sh\"\n";
			showEnvVarsInLog = 0;
		};
		A978096496230B36631742F1 /* [CP] Check Pods Manifest.lock */ = {
			isa = PBXShellScriptBuildPhase;
			buildActionMask = 2147483647;
			files = (
			);
			inputFileListPaths = (
			);
			inputPaths = (
				"${PODS_PODFILE_DIR_PATH}/Podfile.lock",
				"${PODS_ROOT}/Manifest.lock",
			);
			name = "[CP] Check Pods Manifest.lock";
			outputFileListPaths = (
			);
			outputPaths = (
				"$(DERIVED_FILE_DIR)/Pods-soku-checkManifestLockResult.txt",
			);
			runOnlyForDeploymentPostprocessing = 0;
			shellPath = /bin/sh;
			shellScript = "diff \"${PODS_PODFILE_DIR_PATH}/Podfile.lock\" \"${PODS_ROOT}/Manifest.lock\" > /dev/null\nif [ $? != 0 ] ; then\n    # print error to STDERR\n    echo \"error: The sandbox is not in sync with the Podfile.lock. Run 'pod install' or update your CocoaPods installation.\" >&2\n    exit 1\nfi\n# This output is used by Xcode 'outputs' to avoid re-running this script phase.\necho \"SUCCESS\" > \"${SCRIPT_OUTPUT_FILE_0}\"\n";
			showEnvVarsInLog = 0;
		};
/* End PBXShellScriptBuildPhase section */

/* Begin PBXSourcesBuildPhase section */
		3AD7C61D24D5286300655A15 /* Sources */ = {
			isa = PBXSourcesBuildPhase;
			buildActionMask = 2147483647;
			files = (
				3ADD565624D829E600E1C016 /* Person.swift in Sources */,
				3ABDE6DD24D5663F0035DD48 /* DetailHeaderView.swift in Sources */,
				3AB1D6B424D55DEC002EF245 /* ChartsView.swift in Sources */,
				3AB1D6AF24D5598F002EF245 /* HomeViewController.swift in Sources */,
				3AB097E824D68BD50096BA9C /* AddNewsCell.swift in Sources */,
				3ADD565C24D83EB700E1C016 /* FirebaseReference.swift in Sources */,
				3AD7C62524D5286300655A15 /* AppDelegate.swift in Sources */,
				3AE9D28C24E62D7300E3DD5F /* CustomInputTextView.swift in Sources */,
				3AB1D6B124D55A08002EF245 /* MainTabController.swift in Sources */,
				3AE19A2A24E6786A00023637 /* Comment.swift in Sources */,
				3AD7C62724D5286300655A15 /* SceneDelegate.swift in Sources */,
				3AD7C63924D528B700655A15 /* CoupleDetailViewController.swift in Sources */,
				3A3E357D24D659A500661C51 /* Service.swift in Sources */,
				3A301D7924E7B10800678658 /* CommentCell.swift in Sources */,
				3AB449F124D6FB5B0040EA63 /* AddCoupleViewController.swift in Sources */,
				3ACC6B7724DE471D0079CED3 /* CouplesCell.swift in Sources */,
				3AB097E224D686F50096BA9C /* AddNewsViewModel.swift in Sources */,
				3A6D6A7B24D59A5500DD546F /* Constracts.swift in Sources */,
				3A9CE86424ED3CAB0004A06A /* SearchViewController.swift in Sources */,
				3AE9D28A24E62C8300E3DD5F /* AddCommentCell.swift in Sources */,
				3A34C18224D5507700B261C3 /* Extensions.swift in Sources */,
				3A9CE86624ED40760004A06A /* PersonCell.swift in Sources */,
				3A3E357F24D65A3400661C51 /* LoginViewController.swift in Sources */,
				3A063A3C24D9A3C900AFB468 /* CouplesViewController.swift in Sources */,
				3ADD565A24D8384E00E1C016 /* Couple.swift in Sources */,
			);
			runOnlyForDeploymentPostprocessing = 0;
		};
/* End PBXSourcesBuildPhase section */

/* Begin PBXVariantGroup section */
		3AD7C62F24D5286900655A15 /* LaunchScreen.storyboard */ = {
			isa = PBXVariantGroup;
			children = (
				3AD7C63024D5286900655A15 /* Base */,
			);
			name = LaunchScreen.storyboard;
			sourceTree = "<group>";
		};
/* End PBXVariantGroup section */

/* Begin XCBuildConfiguration section */
		3AD7C63324D5286900655A15 /* Debug */ = {
			isa = XCBuildConfiguration;
			buildSettings = {
				ALWAYS_SEARCH_USER_PATHS = NO;
				CLANG_ANALYZER_NONNULL = YES;
				CLANG_ANALYZER_NUMBER_OBJECT_CONVERSION = YES_AGGRESSIVE;
				CLANG_CXX_LANGUAGE_STANDARD = "gnu++14";
				CLANG_CXX_LIBRARY = "libc++";
				CLANG_ENABLE_MODULES = YES;
				CLANG_ENABLE_OBJC_ARC = YES;
				CLANG_ENABLE_OBJC_WEAK = YES;
				CLANG_WARN_BLOCK_CAPTURE_AUTORELEASING = YES;
				CLANG_WARN_BOOL_CONVERSION = YES;
				CLANG_WARN_COMMA = YES;
				CLANG_WARN_CONSTANT_CONVERSION = YES;
				CLANG_WARN_DEPRECATED_OBJC_IMPLEMENTATIONS = YES;
				CLANG_WARN_DIRECT_OBJC_ISA_USAGE = YES_ERROR;
				CLANG_WARN_DOCUMENTATION_COMMENTS = YES;
				CLANG_WARN_EMPTY_BODY = YES;
				CLANG_WARN_ENUM_CONVERSION = YES;
				CLANG_WARN_INFINITE_RECURSION = YES;
				CLANG_WARN_INT_CONVERSION = YES;
				CLANG_WARN_NON_LITERAL_NULL_CONVERSION = YES;
				CLANG_WARN_OBJC_IMPLICIT_RETAIN_SELF = YES;
				CLANG_WARN_OBJC_LITERAL_CONVERSION = YES;
				CLANG_WARN_OBJC_ROOT_CLASS = YES_ERROR;
				CLANG_WARN_RANGE_LOOP_ANALYSIS = YES;
				CLANG_WARN_STRICT_PROTOTYPES = YES;
				CLANG_WARN_SUSPICIOUS_MOVE = YES;
				CLANG_WARN_UNGUARDED_AVAILABILITY = YES_AGGRESSIVE;
				CLANG_WARN_UNREACHABLE_CODE = YES;
				CLANG_WARN__DUPLICATE_METHOD_MATCH = YES;
				COPY_PHASE_STRIP = NO;
				DEBUG_INFORMATION_FORMAT = dwarf;
				ENABLE_STRICT_OBJC_MSGSEND = YES;
				ENABLE_TESTABILITY = YES;
				GCC_C_LANGUAGE_STANDARD = gnu11;
				GCC_DYNAMIC_NO_PIC = NO;
				GCC_NO_COMMON_BLOCKS = YES;
				GCC_OPTIMIZATION_LEVEL = 0;
				GCC_PREPROCESSOR_DEFINITIONS = (
					"DEBUG=1",
					"$(inherited)",
				);
				GCC_WARN_64_TO_32_BIT_CONVERSION = YES;
				GCC_WARN_ABOUT_RETURN_TYPE = YES_ERROR;
				GCC_WARN_UNDECLARED_SELECTOR = YES;
				GCC_WARN_UNINITIALIZED_AUTOS = YES_AGGRESSIVE;
				GCC_WARN_UNUSED_FUNCTION = YES;
				GCC_WARN_UNUSED_VARIABLE = YES;
				IPHONEOS_DEPLOYMENT_TARGET = 13.6;
				MTL_ENABLE_DEBUG_INFO = INCLUDE_SOURCE;
				MTL_FAST_MATH = YES;
				ONLY_ACTIVE_ARCH = YES;
				SDKROOT = iphoneos;
				SWIFT_ACTIVE_COMPILATION_CONDITIONS = DEBUG;
				SWIFT_OPTIMIZATION_LEVEL = "-Onone";
			};
			name = Debug;
		};
		3AD7C63424D5286900655A15 /* Release */ = {
			isa = XCBuildConfiguration;
			buildSettings = {
				ALWAYS_SEARCH_USER_PATHS = NO;
				CLANG_ANALYZER_NONNULL = YES;
				CLANG_ANALYZER_NUMBER_OBJECT_CONVERSION = YES_AGGRESSIVE;
				CLANG_CXX_LANGUAGE_STANDARD = "gnu++14";
				CLANG_CXX_LIBRARY = "libc++";
				CLANG_ENABLE_MODULES = YES;
				CLANG_ENABLE_OBJC_ARC = YES;
				CLANG_ENABLE_OBJC_WEAK = YES;
				CLANG_WARN_BLOCK_CAPTURE_AUTORELEASING = YES;
				CLANG_WARN_BOOL_CONVERSION = YES;
				CLANG_WARN_COMMA = YES;
				CLANG_WARN_CONSTANT_CONVERSION = YES;
				CLANG_WARN_DEPRECATED_OBJC_IMPLEMENTATIONS = YES;
				CLANG_WARN_DIRECT_OBJC_ISA_USAGE = YES_ERROR;
				CLANG_WARN_DOCUMENTATION_COMMENTS = YES;
				CLANG_WARN_EMPTY_BODY = YES;
				CLANG_WARN_ENUM_CONVERSION = YES;
				CLANG_WARN_INFINITE_RECURSION = YES;
				CLANG_WARN_INT_CONVERSION = YES;
				CLANG_WARN_NON_LITERAL_NULL_CONVERSION = YES;
				CLANG_WARN_OBJC_IMPLICIT_RETAIN_SELF = YES;
				CLANG_WARN_OBJC_LITERAL_CONVERSION = YES;
				CLANG_WARN_OBJC_ROOT_CLASS = YES_ERROR;
				CLANG_WARN_RANGE_LOOP_ANALYSIS = YES;
				CLANG_WARN_STRICT_PROTOTYPES = YES;
				CLANG_WARN_SUSPICIOUS_MOVE = YES;
				CLANG_WARN_UNGUARDED_AVAILABILITY = YES_AGGRESSIVE;
				CLANG_WARN_UNREACHABLE_CODE = YES;
				CLANG_WARN__DUPLICATE_METHOD_MATCH = YES;
				COPY_PHASE_STRIP = NO;
				DEBUG_INFORMATION_FORMAT = "dwarf-with-dsym";
				ENABLE_NS_ASSERTIONS = NO;
				ENABLE_STRICT_OBJC_MSGSEND = YES;
				GCC_C_LANGUAGE_STANDARD = gnu11;
				GCC_NO_COMMON_BLOCKS = YES;
				GCC_WARN_64_TO_32_BIT_CONVERSION = YES;
				GCC_WARN_ABOUT_RETURN_TYPE = YES_ERROR;
				GCC_WARN_UNDECLARED_SELECTOR = YES;
				GCC_WARN_UNINITIALIZED_AUTOS = YES_AGGRESSIVE;
				GCC_WARN_UNUSED_FUNCTION = YES;
				GCC_WARN_UNUSED_VARIABLE = YES;
				IPHONEOS_DEPLOYMENT_TARGET = 13.6;
				MTL_ENABLE_DEBUG_INFO = NO;
				MTL_FAST_MATH = YES;
				SDKROOT = iphoneos;
				SWIFT_COMPILATION_MODE = wholemodule;
				SWIFT_OPTIMIZATION_LEVEL = "-O";
				VALIDATE_PRODUCT = YES;
			};
			name = Release;
		};
		3AD7C63624D5286900655A15 /* Debug */ = {
			isa = XCBuildConfiguration;
			baseConfigurationReference = 42796CD093D36370BD537008 /* Pods-soku.debug.xcconfig */;
			buildSettings = {
				ASSETCATALOG_COMPILER_APPICON_NAME = AppIcon;
				CODE_SIGN_STYLE = Automatic;
				DEVELOPMENT_TEAM = 4KJFNVZ8R6;
				INFOPLIST_FILE = soku/Info.plist;
				LD_RUNPATH_SEARCH_PATHS = (
					"$(inherited)",
					"@executable_path/Frameworks",
				);
				PRODUCT_BUNDLE_IDENTIFIER = mineo.jp.mac.pop.soku;
				PRODUCT_NAME = "$(TARGET_NAME)";
				SWIFT_VERSION = 5.0;
				TARGETED_DEVICE_FAMILY = "1,2";
			};
			name = Debug;
		};
		3AD7C63724D5286900655A15 /* Release */ = {
			isa = XCBuildConfiguration;
			baseConfigurationReference = 6B05F688C36F3B4484832A62 /* Pods-soku.release.xcconfig */;
			buildSettings = {
				ASSETCATALOG_COMPILER_APPICON_NAME = AppIcon;
				CODE_SIGN_STYLE = Automatic;
				DEVELOPMENT_TEAM = 4KJFNVZ8R6;
				INFOPLIST_FILE = soku/Info.plist;
				LD_RUNPATH_SEARCH_PATHS = (
					"$(inherited)",
					"@executable_path/Frameworks",
				);
				PRODUCT_BUNDLE_IDENTIFIER = mineo.jp.mac.pop.soku;
				PRODUCT_NAME = "$(TARGET_NAME)";
				SWIFT_VERSION = 5.0;
				TARGETED_DEVICE_FAMILY = "1,2";
			};
			name = Release;
		};
/* End XCBuildConfiguration section */

/* Begin XCConfigurationList section */
		3AD7C61C24D5286300655A15 /* Build configuration list for PBXProject "soku" */ = {
			isa = XCConfigurationList;
			buildConfigurations = (
				3AD7C63324D5286900655A15 /* Debug */,
				3AD7C63424D5286900655A15 /* Release */,
			);
			defaultConfigurationIsVisible = 0;
			defaultConfigurationName = Release;
		};
		3AD7C63524D5286900655A15 /* Build configuration list for PBXNativeTarget "soku" */ = {
			isa = XCConfigurationList;
			buildConfigurations = (
				3AD7C63624D5286900655A15 /* Debug */,
				3AD7C63724D5286900655A15 /* Release */,
			);
			defaultConfigurationIsVisible = 0;
			defaultConfigurationName = Release;
		};
/* End XCConfigurationList section */
	};
	rootObject = 3AD7C61924D5286300655A15 /* Project object */;
}
